
Microsoft Visual Studio Solution File, Format Version 11.00
# Visual Studio 2010
Project("{FAE04EC0-301F-11D3-BF4B-00C04F79EFBC}") = "PhotoBlog", "PhotoBlog\PhotoBlog.csproj", "{00036E50-9D4C-43AF-8180-ADD31940BB69}"
EndProject
Project("{FAE04EC0-301F-11D3-BF4B-00C04F79EFBC}") = "PhotoBlog.Service", "PhotoBlog.Service\PhotoBlog.Service.csproj", "{51A59CE9-ED14-4D3A-A90C-4812950AE12C}"
EndProject
Global
	GlobalSection(SolutionConfigurationPlatforms) = preSolution
		Debug|Any CPU = Debug|Any CPU
		Release|Any CPU = Release|Any CPU
	EndGlobalSection
	GlobalSection(ProjectConfigurationPlatforms) = postSolution
		{00036E50-9D4C-43AF-8180-ADD31940BB69}.Debug|Any CPU.ActiveCfg = Debug|Any CPU
		{00036E50-9D4C-43AF-8180-ADD31940BB69}.Debug|Any CPU.Build.0 = Debug|Any CPU
		{00036E50-9D4C-43AF-8180-ADD31940BB69}.Release|Any CPU.ActiveCfg = Release|Any CPU
		{00036E50-9D4C-43AF-8180-ADD31940BB69}.Release|Any CPU.Build.0 = Release|Any CPU
		{51A59CE9-ED14-4D3A-A90C-4812950AE12C}.Debug|Any CPU.ActiveCfg = Debug|Any CPU
		{51A59CE9-ED14-4D3A-A90C-4812950AE12C}.Debug|Any CPU.Build.0 = Debug|Any CPU
		{51A59CE9-ED14-4D3A-A90C-4812950AE12C}.Release|Any CPU.ActiveCfg = Release|Any CPU
		{51A59CE9-ED14-4D3A-A90C-4812950AE12C}.Release|Any CPU.Build.0 = Release|Any CPU
	EndGlobalSection
	GlobalSection(SolutionProperties) = preSolution
		HideSolutionNode = FALSE
	EndGlobalSection
	GlobalSection(ExtensibilityGlobals) = postSolution
		EnterpriseLibraryConfigurationToolBinariesPath = packages\Unity.2.1.505.0\lib\NET35
	EndGlobalSection
EndGlobal
